
Microsoft Visual Studio Solution File, Format Version 12.00
# Visual Studio Version 16
VisualStudioVersion = 16.0.31729.503
MinimumVisualStudioVersion = 10.0.40219.1
Project("{FAE04EC0-301F-11D3-BF4B-00C04F79EFBC}") = "Api.PTGreenLand", "Api.PTGreenLand\Api.PTGreenLand.csproj", "{26AA7117-DAF6-4DED-9E4A-537DFA17F8EE}"
EndProject
Project("{FAE04EC0-301F-11D3-BF4B-00C04F79EFBC}") = "Core.PTGreenLand", "Core.PTGreenLand\Core.PTGreenLand.csproj", "{82D651B4-49EC-4192-A5F8-56FF41DB4AEA}"
EndProject
Project("{FAE04EC0-301F-11D3-BF4B-00C04F79EFBC}") = "Infraestructure.PTGreenLand", "Infraestructure.PTGreenLand\Infraestructure.PTGreenLand.csproj", "{C679BB36-4D05-40B6-902F-007F343289D0}"
EndProject
Global
	GlobalSection(SolutionConfigurationPlatforms) = preSolution
		Debug|Any CPU = Debug|Any CPU
		Release|Any CPU = Release|Any CPU
	EndGlobalSection
	GlobalSection(ProjectConfigurationPlatforms) = postSolution
		{26AA7117-DAF6-4DED-9E4A-537DFA17F8EE}.Debug|Any CPU.ActiveCfg = Debug|Any CPU
		{26AA7117-DAF6-4DED-9E4A-537DFA17F8EE}.Debug|Any CPU.Build.0 = Debug|Any CPU
		{26AA7117-DAF6-4DED-9E4A-537DFA17F8EE}.Release|Any CPU.ActiveCfg = Release|Any CPU
		{26AA7117-DAF6-4DED-9E4A-537DFA17F8EE}.Release|Any CPU.Build.0 = Release|Any CPU
		{82D651B4-49EC-4192-A5F8-56FF41DB4AEA}.Debug|Any CPU.ActiveCfg = Debug|Any CPU
		{82D651B4-49EC-4192-A5F8-56FF41DB4AEA}.Debug|Any CPU.Build.0 = Debug|Any CPU
		{82D651B4-49EC-4192-A5F8-56FF41DB4AEA}.Release|Any CPU.ActiveCfg = Release|Any CPU
		{82D651B4-49EC-4192-A5F8-56FF41DB4AEA}.Release|Any CPU.Build.0 = Release|Any CPU
		{C679BB36-4D05-40B6-902F-007F343289D0}.Debug|Any CPU.ActiveCfg = Debug|Any CPU
		{C679BB36-4D05-40B6-902F-007F343289D0}.Debug|Any CPU.Build.0 = Debug|Any CPU
		{C679BB36-4D05-40B6-902F-007F343289D0}.Release|Any CPU.ActiveCfg = Release|Any CPU
		{C679BB36-4D05-40B6-902F-007F343289D0}.Release|Any CPU.Build.0 = Release|Any CPU
	EndGlobalSection
	GlobalSection(SolutionProperties) = preSolution
		HideSolutionNode = FALSE
	EndGlobalSection
	GlobalSection(ExtensibilityGlobals) = postSolution
		SolutionGuid = {F4D6FAA3-6085-471F-8855-F99D2189BA4D}
	EndGlobalSection
EndGlobal
